
Microsoft Visual Studio Solution File, Format Version 12.00
# Visual Studio Version 16
VisualStudioVersion = 16.0.33027.164
MinimumVisualStudioVersion = 10.0.40219.1
Project("{FAE04EC0-301F-11D3-BF4B-00C04F79EFBC}") = "DBMSProject", "DBMSProject\DBMSProject.csproj", "{261790DD-4F88-4214-9792-51EC3627231E}"
EndProject
Global
	GlobalSection(SolutionConfigurationPlatforms) = preSolution
		Debug|Any CPU = Debug|Any CPU
		Release|Any CPU = Release|Any CPU
	EndGlobalSection
	GlobalSection(ProjectConfigurationPlatforms) = postSolution
		{261790DD-4F88-4214-9792-51EC3627231E}.Debug|Any CPU.ActiveCfg = Debug|Any CPU
		{261790DD-4F88-4214-9792-51EC3627231E}.Debug|Any CPU.Build.0 = Debug|Any CPU
		{261790DD-4F88-4214-9792-51EC3627231E}.Release|Any CPU.ActiveCfg = Release|Any CPU
		{261790DD-4F88-4214-9792-51EC3627231E}.Release|Any CPU.Build.0 = Release|Any CPU
	EndGlobalSection
	GlobalSection(SolutionProperties) = preSolution
		HideSolutionNode = FALSE
	EndGlobalSection
	GlobalSection(ExtensibilityGlobals) = postSolution
		SolutionGuid = {312FB54B-1E1F-4B89-894F-22A78D453874}
	EndGlobalSection
EndGlobal
